<?xml version="1.0" encoding="utf-8"?>
<Project ToolsVersion="4.0" xmlns="http://schemas.microsoft.com/developer/msbuild/2003">
  <ItemGroup>
    <Filter Include="Source Files">
      <UniqueIdentifier>{4FC737F1-C7A5-4376-A066-2A32D752A2FF}</UniqueIdentifier>
      <Extensions>cpp;c;cc;cxx;c++;cppm;ixx;def;odl;idl;hpj;bat;asm;asmx</Extensions>
    </Filter>
    <Filter Include="Header Files">
      <UniqueIdentifier>{93995380-89BD-4b04-88EB-625FBE52EBFB}</UniqueIdentifier>
      <Extensions>h;hh;hpp;hxx;h++;hm;inl;inc;ipp;xsd</Extensions>
    </Filter>
    <Filter Include="Resource Files">
      <UniqueIdentifier>{67DA6AB6-F800-4c08-8B7A-83BB121AAD01}</UniqueIdentifier>
      <Extensions>rc;ico;cur;bmp;dlg;rc2;rct;bin;rgs;gif;jpg;jpeg;jpe;resx;tiff;tif;png;wav;mfcribbon-ms</Extensions>
    </Filter>
  </ItemGroup>
  <ItemGroup>
    <ClCompile Include="main_cin_cout.cpp">
      <Filter>Source Files</Filter>
    </ClCompile>
    <ClCompile Include="add.cpp">
      <Filter>Source Files</Filter>
    </ClCompile>
    <ClCompile Include="input.cpp">
      <Filter>Source Files</Filter>
    </ClCompile>
    <ClCompile Include="main_header_files.cpp">
      <Filter>Source Files</Filter>
    </ClCompile>
    <ClCompile Include="main_simple_operators.cpp">
      <Filter>Source Files</Filter>
    </ClCompile>
    <ClCompile Include="main_calculate_ball_falling.cpp">
      <Filter>Source Files</Filter>
    </ClCompile>
    <ClCompile Include="main_max_students_class.cpp">
      <Filter>Source Files</Filter>
    </ClCompile>
    <ClCompile Include="main_static_local_variable.cpp">
      <Filter>Source Files</Filter>
    </ClCompile>
    <ClCompile Include="main_switch.cpp">
      <Filter>Source Files</Filter>
    </ClCompile>
    <ClCompile Include="main_ascii_char.cpp">
      <Filter>Source Files</Filter>
    </ClCompile>
    <ClCompile Include="main_while.cpp">
      <Filter>Source Files</Filter>
    </ClCompile>
    <ClCompile Include="main_calculate_ball_falling_while.cpp">
      <Filter>Source Files</Filter>
    </ClCompile>
    <ClCompile Include="main_template.cpp">
      <Filter>Source Files</Filter>
    </ClCompile>
    <ClCompile Include="main_struct.cpp">
      <Filter>Source Files</Filter>
    </ClCompile>
    <ClCompile Include="main_enum_class.cpp">
      <Filter>Source Files</Filter>
    </ClCompile>
    <ClCompile Include="main_array.cpp">
      <Filter>Source Files</Filter>
    </ClCompile>
    <ClCompile Include="main_array_2.cpp">
      <Filter>Source Files</Filter>
    </ClCompile>
    <ClCompile Include="main_sort_array.cpp">
      <Filter>Source Files</Filter>
    </ClCompile>
    <ClCompile Include="main_sort_array_2.cpp">
      <Filter>Source Files</Filter>
    </ClCompile>
    <ClCompile Include="main_mult_array.cpp">
      <Filter>Source Files</Filter>
    </ClCompile>
    <ClCompile Include="main_pointer_address.cpp">
      <Filter>Source Files</Filter>
    </ClCompile>
    <ClCompile Include="main_pointer_array.cpp">
      <Filter>Source Files</Filter>
    </ClCompile>
    <ClCompile Include="main_pointer.cpp">
      <Filter>Source Files</Filter>
    </ClCompile>
    <ClCompile Include="main_memory_allocation.cpp">
      <Filter>Source Files</Filter>
    </ClCompile>
    <ClCompile Include="main_array_allocation.cpp">
      <Filter>Source Files</Filter>
    </ClCompile>
    <ClCompile Include="main_reference_variable.cpp">
      <Filter>Source Files</Filter>
    </ClCompile>
    <ClCompile Include="main_bit_manipulation.cpp">
      <Filter>Source Files</Filter>
    </ClCompile>
    <ClCompile Include="main_member_selection.cpp">
      <Filter>Source Files</Filter>
    </ClCompile>
    <ClCompile Include="main_for_each.cpp">
      <Filter>Source Files</Filter>
    </ClCompile>
    <ClCompile Include="main_std_array.cpp">
      <Filter>Source Files</Filter>
    </ClCompile>
    <ClCompile Include="main_std_vector.cpp">
      <Filter>Source Files</Filter>
    </ClCompile>
    <ClCompile Include="main_iterators.cpp">
      <Filter>Source Files</Filter>
    </ClCompile>
    <ClCompile Include="main_std_algorithm.cpp">
      <Filter>Source Files</Filter>
    </ClCompile>
    <ClCompile Include="main_quiz_enum_array.cpp">
      <Filter>Source Files</Filter>
    </ClCompile>
    <ClCompile Include="main_quiz_vector_struct.cpp">
      <Filter>Source Files</Filter>
    </ClCompile>
    <ClCompile Include="main_blackjack.cpp">
      <Filter>Source Files</Filter>
    </ClCompile>
    <ClCompile Include="main_functions.cpp">
      <Filter>Source Files</Filter>
    </ClCompile>
    <ClCompile Include="main_function_pointers.cpp">
      <Filter>Source Files</Filter>
    </ClCompile>
  </ItemGroup>
  <ItemGroup>
    <ClInclude Include="add.h">
      <Filter>Header Files</Filter>
    </ClInclude>
    <ClInclude Include="constants.h">
      <Filter>Header Files</Filter>
    </ClInclude>
    <ClInclude Include="input.h">
      <Filter>Header Files</Filter>
    </ClInclude>
  </ItemGroup>
</Project>