
Microsoft Visual Studio Solution File, Format Version 12.00
# Visual Studio Version 16
VisualStudioVersion = 16.0.31205.134
MinimumVisualStudioVersion = 10.0.40219.1
Project("{8BC9CEB8-8B4A-11D0-8D11-00A0C91BC942}") = "learncpp", "learncpp.vcxproj", "{27E70EE0-BAA1-45AF-8F78-DB8CE04D5CB5}"
EndProject
Project("{8BC9CEB8-8B4A-11D0-8D11-00A0C91BC942}") = "chapter4-1", "chapter4-1\chapter4-1.vcxproj", "{81A04D01-E289-4E3C-BA13-D3003D2575C1}"
EndProject
Project("{8BC9CEB8-8B4A-11D0-8D11-00A0C91BC942}") = "chapter4-2", "chapter4-2\chapter4-2.vcxproj", "{D995C87A-8561-4405-B116-076CECA932CF}"
EndProject
Project("{8BC9CEB8-8B4A-11D0-8D11-00A0C91BC942}") = "chapterO-1", "chapterO-1\chapterO-1.vcxproj", "{F7E65E6E-0D89-4BA6-906A-EE706E67E435}"
EndProject
Project("{8BC9CEB8-8B4A-11D0-8D11-00A0C91BC942}") = "chapterO-2", "chapterO-2\chapterO-2.vcxproj", "{97B609B7-7BAF-495C-97B4-E3D76A025552}"
EndProject
Project("{8BC9CEB8-8B4A-11D0-8D11-00A0C91BC942}") = "chapter6-1", "chapter6-1\chapter6-1.vcxproj", "{524EB7AC-E434-4A0D-A0DE-DA16D7C60D1E}"
EndProject
Project("{8BC9CEB8-8B4A-11D0-8D11-00A0C91BC942}") = "chapter6-2", "chapter6-2\chapter6-2.vcxproj", "{5FDF5C52-0ADD-4BE3-B5DB-656D886811B0}"
EndProject
Project("{8BC9CEB8-8B4A-11D0-8D11-00A0C91BC942}") = "chapter6-3", "chapter6-3\chapter6-3.vcxproj", "{C25757BA-880E-4BBB-BC93-60BFAF781EFD}"
EndProject
Project("{8BC9CEB8-8B4A-11D0-8D11-00A0C91BC942}") = "chapter7-5", "chapter7-5\chapter7-5.vcxproj", "{FC40F0D9-3C45-4D37-BE28-06B1BADA738E}"
EndProject
Project("{8BC9CEB8-8B4A-11D0-8D11-00A0C91BC942}") = "chapter7-7.2", "chapter7-7\chapter7-7.vcxproj", "{90D828B4-F63B-4739-BC17-B13CC597F3CB}"
EndProject
Project("{8BC9CEB8-8B4A-11D0-8D11-00A0C91BC942}") = "chapter7-7.3", "chapter7-7.3\chapter7-7.3.vcxproj", "{945CA337-DEC5-4955-95A5-B41F3FD9F9EA}"
EndProject
Project("{8BC9CEB8-8B4A-11D0-8D11-00A0C91BC942}") = "chapter7-x.1", "chapter7-x.1\chapter7-x.1.vcxproj", "{08E8AED0-4ED3-428A-801C-098937583D04}"
EndProject
Project("{8BC9CEB8-8B4A-11D0-8D11-00A0C91BC942}") = "chapter8-x.5", "chapter8-x.5\chapter8-x.5.vcxproj", "{13437402-2871-4062-88C6-6692FBAF921A}"
EndProject
Project("{8BC9CEB8-8B4A-11D0-8D11-00A0C91BC942}") = "chapter8-x.6", "chapter8-x.6\chapter8-x.6.vcxproj", "{DA131760-9DD7-4BD2-8BB8-8D8437B69CAC}"
EndProject
Project("{8BC9CEB8-8B4A-11D0-8D11-00A0C91BC942}") = "chapter8-x.7", "chapter8-x.7\chapter8-x.7.vcxproj", "{0FF29325-9A82-468B-98D7-E451E2DC254A}"
EndProject
Project("{8BC9CEB8-8B4A-11D0-8D11-00A0C91BC942}") = "chapter9-2.2", "chapter9-2.2\chapter9-2.2.vcxproj", "{F5CF81E5-EA0F-48C8-B7D5-E428C84057B5}"
EndProject
Project("{8BC9CEB8-8B4A-11D0-8D11-00A0C91BC942}") = "chapter9-4.1", "chapter9-4.1\chapter9-4.1.vcxproj", "{DE1938AD-1148-46C7-B87A-E48890F41D28}"
EndProject
Project("{8BC9CEB8-8B4A-11D0-8D11-00A0C91BC942}") = "chapter9-x.1", "chapter9-x.1\chapter9-x.1.vcxproj", "{BC13B08D-4E97-4127-8373-BC2A7AA23B2E}"
EndProject
Project("{8BC9CEB8-8B4A-11D0-8D11-00A0C91BC942}") = "chapter10-3.1", "chapter10-3.1\chapter10-3.1.vcxproj", "{C27FBEBC-C8A2-4DBB-AAAC-1E078B4B28A5}"
EndProject
Project("{8BC9CEB8-8B4A-11D0-8D11-00A0C91BC942}") = "chapter10-3.3", "chapter10-3.3\chapter10-3.3.vcxproj", "{26C493CE-578D-4858-8170-0845543D1079}"
EndProject
Project("{8BC9CEB8-8B4A-11D0-8D11-00A0C91BC942}") = "chapter10-4.1", "chapter10-4.1\chapter10-4.1.vcxproj", "{EA4F87F0-D3F9-4FD6-8A43-5D561D6D6355}"
EndProject
Project("{8BC9CEB8-8B4A-11D0-8D11-00A0C91BC942}") = "chapter10-4.3", "chapter10-4.3\chapter10-4.3.vcxproj", "{B317EEC2-B019-42B8-8BA2-823BC25CA462}"
EndProject
Project("{8BC9CEB8-8B4A-11D0-8D11-00A0C91BC942}") = "chapter10-5", "chapter10-5\chapter10-5.vcxproj", "{F17AF83C-7684-4CD5-9924-EAD00F851FF4}"
EndProject
Project("{8BC9CEB8-8B4A-11D0-8D11-00A0C91BC942}") = "chapter10-8.1", "chapter10-8.1\chapter10-8.1.vcxproj", "{04D54358-B0E6-4133-9F27-15C513EC3085}"
EndProject
Project("{8BC9CEB8-8B4A-11D0-8D11-00A0C91BC942}") = "chapter10-10", "chapter10-10\chapter10-10.vcxproj", "{4DD021AA-F028-4374-AD17-3813A14D669F}"
EndProject
Project("{8BC9CEB8-8B4A-11D0-8D11-00A0C91BC942}") = "chapter10-11.2", "chapter10-11.2\chapter10-11.2.vcxproj", "{AD0FC827-A898-4716-8ADD-6ED9496142C8}"
EndProject
Project("{8BC9CEB8-8B4A-11D0-8D11-00A0C91BC942}") = "chapter10-13", "chapter10-13\chapter10-13.vcxproj", "{7D1D8C39-84E4-4024-A48D-29F6AC8EEFCA}"
EndProject
Project("{8BC9CEB8-8B4A-11D0-8D11-00A0C91BC942}") = "chapter10-14.1", "chapter10-14.1\chapter10-14.1.vcxproj", "{189F6F18-B302-4708-89B6-7D8CF411C7DF}"
EndProject
Global
	GlobalSection(SolutionConfigurationPlatforms) = preSolution
		Debug|x64 = Debug|x64
		Debug|x86 = Debug|x86
		Release|x64 = Release|x64
		Release|x86 = Release|x86
	EndGlobalSection
	GlobalSection(ProjectConfigurationPlatforms) = postSolution
		{27E70EE0-BAA1-45AF-8F78-DB8CE04D5CB5}.Debug|x64.ActiveCfg = Debug|x64
		{27E70EE0-BAA1-45AF-8F78-DB8CE04D5CB5}.Debug|x64.Build.0 = Debug|x64
		{27E70EE0-BAA1-45AF-8F78-DB8CE04D5CB5}.Debug|x86.ActiveCfg = Debug|Win32
		{27E70EE0-BAA1-45AF-8F78-DB8CE04D5CB5}.Debug|x86.Build.0 = Debug|Win32
		{27E70EE0-BAA1-45AF-8F78-DB8CE04D5CB5}.Release|x64.ActiveCfg = Release|x64
		{27E70EE0-BAA1-45AF-8F78-DB8CE04D5CB5}.Release|x64.Build.0 = Release|x64
		{27E70EE0-BAA1-45AF-8F78-DB8CE04D5CB5}.Release|x86.ActiveCfg = Release|Win32
		{27E70EE0-BAA1-45AF-8F78-DB8CE04D5CB5}.Release|x86.Build.0 = Release|Win32
		{81A04D01-E289-4E3C-BA13-D3003D2575C1}.Debug|x64.ActiveCfg = Debug|x64
		{81A04D01-E289-4E3C-BA13-D3003D2575C1}.Debug|x64.Build.0 = Debug|x64
		{81A04D01-E289-4E3C-BA13-D3003D2575C1}.Debug|x86.ActiveCfg = Debug|Win32
		{81A04D01-E289-4E3C-BA13-D3003D2575C1}.Debug|x86.Build.0 = Debug|Win32
		{81A04D01-E289-4E3C-BA13-D3003D2575C1}.Release|x64.ActiveCfg = Release|x64
		{81A04D01-E289-4E3C-BA13-D3003D2575C1}.Release|x64.Build.0 = Release|x64
		{81A04D01-E289-4E3C-BA13-D3003D2575C1}.Release|x86.ActiveCfg = Release|Win32
		{81A04D01-E289-4E3C-BA13-D3003D2575C1}.Release|x86.Build.0 = Release|Win32
		{D995C87A-8561-4405-B116-076CECA932CF}.Debug|x64.ActiveCfg = Debug|x64
		{D995C87A-8561-4405-B116-076CECA932CF}.Debug|x64.Build.0 = Debug|x64
		{D995C87A-8561-4405-B116-076CECA932CF}.Debug|x86.ActiveCfg = Debug|Win32
		{D995C87A-8561-4405-B116-076CECA932CF}.Debug|x86.Build.0 = Debug|Win32
		{D995C87A-8561-4405-B116-076CECA932CF}.Release|x64.ActiveCfg = Release|x64
		{D995C87A-8561-4405-B116-076CECA932CF}.Release|x64.Build.0 = Release|x64
		{D995C87A-8561-4405-B116-076CECA932CF}.Release|x86.ActiveCfg = Release|Win32
		{D995C87A-8561-4405-B116-076CECA932CF}.Release|x86.Build.0 = Release|Win32
		{F7E65E6E-0D89-4BA6-906A-EE706E67E435}.Debug|x64.ActiveCfg = Debug|x64
		{F7E65E6E-0D89-4BA6-906A-EE706E67E435}.Debug|x64.Build.0 = Debug|x64
		{F7E65E6E-0D89-4BA6-906A-EE706E67E435}.Debug|x86.ActiveCfg = Debug|Win32
		{F7E65E6E-0D89-4BA6-906A-EE706E67E435}.Debug|x86.Build.0 = Debug|Win32
		{F7E65E6E-0D89-4BA6-906A-EE706E67E435}.Release|x64.ActiveCfg = Release|x64
		{F7E65E6E-0D89-4BA6-906A-EE706E67E435}.Release|x64.Build.0 = Release|x64
		{F7E65E6E-0D89-4BA6-906A-EE706E67E435}.Release|x86.ActiveCfg = Release|Win32
		{F7E65E6E-0D89-4BA6-906A-EE706E67E435}.Release|x86.Build.0 = Release|Win32
		{97B609B7-7BAF-495C-97B4-E3D76A025552}.Debug|x64.ActiveCfg = Debug|x64
		{97B609B7-7BAF-495C-97B4-E3D76A025552}.Debug|x64.Build.0 = Debug|x64
		{97B609B7-7BAF-495C-97B4-E3D76A025552}.Debug|x86.ActiveCfg = Debug|Win32
		{97B609B7-7BAF-495C-97B4-E3D76A025552}.Debug|x86.Build.0 = Debug|Win32
		{97B609B7-7BAF-495C-97B4-E3D76A025552}.Release|x64.ActiveCfg = Release|x64
		{97B609B7-7BAF-495C-97B4-E3D76A025552}.Release|x64.Build.0 = Release|x64
		{97B609B7-7BAF-495C-97B4-E3D76A025552}.Release|x86.ActiveCfg = Release|Win32
		{97B609B7-7BAF-495C-97B4-E3D76A025552}.Release|x86.Build.0 = Release|Win32
		{524EB7AC-E434-4A0D-A0DE-DA16D7C60D1E}.Debug|x64.ActiveCfg = Debug|x64
		{524EB7AC-E434-4A0D-A0DE-DA16D7C60D1E}.Debug|x64.Build.0 = Debug|x64
		{524EB7AC-E434-4A0D-A0DE-DA16D7C60D1E}.Debug|x86.ActiveCfg = Debug|Win32
		{524EB7AC-E434-4A0D-A0DE-DA16D7C60D1E}.Debug|x86.Build.0 = Debug|Win32
		{524EB7AC-E434-4A0D-A0DE-DA16D7C60D1E}.Release|x64.ActiveCfg = Release|x64
		{524EB7AC-E434-4A0D-A0DE-DA16D7C60D1E}.Release|x64.Build.0 = Release|x64
		{524EB7AC-E434-4A0D-A0DE-DA16D7C60D1E}.Release|x86.ActiveCfg = Release|Win32
		{524EB7AC-E434-4A0D-A0DE-DA16D7C60D1E}.Release|x86.Build.0 = Release|Win32
		{5FDF5C52-0ADD-4BE3-B5DB-656D886811B0}.Debug|x64.ActiveCfg = Debug|x64
		{5FDF5C52-0ADD-4BE3-B5DB-656D886811B0}.Debug|x64.Build.0 = Debug|x64
		{5FDF5C52-0ADD-4BE3-B5DB-656D886811B0}.Debug|x86.ActiveCfg = Debug|Win32
		{5FDF5C52-0ADD-4BE3-B5DB-656D886811B0}.Debug|x86.Build.0 = Debug|Win32
		{5FDF5C52-0ADD-4BE3-B5DB-656D886811B0}.Release|x64.ActiveCfg = Release|x64
		{5FDF5C52-0ADD-4BE3-B5DB-656D886811B0}.Release|x64.Build.0 = Release|x64
		{5FDF5C52-0ADD-4BE3-B5DB-656D886811B0}.Release|x86.ActiveCfg = Release|Win32
		{5FDF5C52-0ADD-4BE3-B5DB-656D886811B0}.Release|x86.Build.0 = Release|Win32
		{C25757BA-880E-4BBB-BC93-60BFAF781EFD}.Debug|x64.ActiveCfg = Debug|x64
		{C25757BA-880E-4BBB-BC93-60BFAF781EFD}.Debug|x64.Build.0 = Debug|x64
		{C25757BA-880E-4BBB-BC93-60BFAF781EFD}.Debug|x86.ActiveCfg = Debug|Win32
		{C25757BA-880E-4BBB-BC93-60BFAF781EFD}.Debug|x86.Build.0 = Debug|Win32
		{C25757BA-880E-4BBB-BC93-60BFAF781EFD}.Release|x64.ActiveCfg = Release|x64
		{C25757BA-880E-4BBB-BC93-60BFAF781EFD}.Release|x64.Build.0 = Release|x64
		{C25757BA-880E-4BBB-BC93-60BFAF781EFD}.Release|x86.ActiveCfg = Release|Win32
		{C25757BA-880E-4BBB-BC93-60BFAF781EFD}.Release|x86.Build.0 = Release|Win32
		{FC40F0D9-3C45-4D37-BE28-06B1BADA738E}.Debug|x64.ActiveCfg = Debug|x64
		{FC40F0D9-3C45-4D37-BE28-06B1BADA738E}.Debug|x64.Build.0 = Debug|x64
		{FC40F0D9-3C45-4D37-BE28-06B1BADA738E}.Debug|x86.ActiveCfg = Debug|Win32
		{FC40F0D9-3C45-4D37-BE28-06B1BADA738E}.Debug|x86.Build.0 = Debug|Win32
		{FC40F0D9-3C45-4D37-BE28-06B1BADA738E}.Release|x64.ActiveCfg = Release|x64
		{FC40F0D9-3C45-4D37-BE28-06B1BADA738E}.Release|x64.Build.0 = Release|x64
		{FC40F0D9-3C45-4D37-BE28-06B1BADA738E}.Release|x86.ActiveCfg = Release|Win32
		{FC40F0D9-3C45-4D37-BE28-06B1BADA738E}.Release|x86.Build.0 = Release|Win32
		{90D828B4-F63B-4739-BC17-B13CC597F3CB}.Debug|x64.ActiveCfg = Debug|x64
		{90D828B4-F63B-4739-BC17-B13CC597F3CB}.Debug|x64.Build.0 = Debug|x64
		{90D828B4-F63B-4739-BC17-B13CC597F3CB}.Debug|x86.ActiveCfg = Debug|Win32
		{90D828B4-F63B-4739-BC17-B13CC597F3CB}.Debug|x86.Build.0 = Debug|Win32
		{90D828B4-F63B-4739-BC17-B13CC597F3CB}.Release|x64.ActiveCfg = Release|x64
		{90D828B4-F63B-4739-BC17-B13CC597F3CB}.Release|x64.Build.0 = Release|x64
		{90D828B4-F63B-4739-BC17-B13CC597F3CB}.Release|x86.ActiveCfg = Release|Win32
		{90D828B4-F63B-4739-BC17-B13CC597F3CB}.Release|x86.Build.0 = Release|Win32
		{945CA337-DEC5-4955-95A5-B41F3FD9F9EA}.Debug|x64.ActiveCfg = Debug|x64
		{945CA337-DEC5-4955-95A5-B41F3FD9F9EA}.Debug|x64.Build.0 = Debug|x64
		{945CA337-DEC5-4955-95A5-B41F3FD9F9EA}.Debug|x86.ActiveCfg = Debug|Win32
		{945CA337-DEC5-4955-95A5-B41F3FD9F9EA}.Debug|x86.Build.0 = Debug|Win32
		{945CA337-DEC5-4955-95A5-B41F3FD9F9EA}.Release|x64.ActiveCfg = Release|x64
		{945CA337-DEC5-4955-95A5-B41F3FD9F9EA}.Release|x64.Build.0 = Release|x64
		{945CA337-DEC5-4955-95A5-B41F3FD9F9EA}.Release|x86.ActiveCfg = Release|Win32
		{945CA337-DEC5-4955-95A5-B41F3FD9F9EA}.Release|x86.Build.0 = Release|Win32
		{08E8AED0-4ED3-428A-801C-098937583D04}.Debug|x64.ActiveCfg = Debug|x64
		{08E8AED0-4ED3-428A-801C-098937583D04}.Debug|x64.Build.0 = Debug|x64
		{08E8AED0-4ED3-428A-801C-098937583D04}.Debug|x86.ActiveCfg = Debug|Win32
		{08E8AED0-4ED3-428A-801C-098937583D04}.Debug|x86.Build.0 = Debug|Win32
		{08E8AED0-4ED3-428A-801C-098937583D04}.Release|x64.ActiveCfg = Release|x64
		{08E8AED0-4ED3-428A-801C-098937583D04}.Release|x64.Build.0 = Release|x64
		{08E8AED0-4ED3-428A-801C-098937583D04}.Release|x86.ActiveCfg = Release|Win32
		{08E8AED0-4ED3-428A-801C-098937583D04}.Release|x86.Build.0 = Release|Win32
		{13437402-2871-4062-88C6-6692FBAF921A}.Debug|x64.ActiveCfg = Debug|x64
		{13437402-2871-4062-88C6-6692FBAF921A}.Debug|x64.Build.0 = Debug|x64
		{13437402-2871-4062-88C6-6692FBAF921A}.Debug|x86.ActiveCfg = Debug|Win32
		{13437402-2871-4062-88C6-6692FBAF921A}.Debug|x86.Build.0 = Debug|Win32
		{13437402-2871-4062-88C6-6692FBAF921A}.Release|x64.ActiveCfg = Release|x64
		{13437402-2871-4062-88C6-6692FBAF921A}.Release|x64.Build.0 = Release|x64
		{13437402-2871-4062-88C6-6692FBAF921A}.Release|x86.ActiveCfg = Release|Win32
		{13437402-2871-4062-88C6-6692FBAF921A}.Release|x86.Build.0 = Release|Win32
		{DA131760-9DD7-4BD2-8BB8-8D8437B69CAC}.Debug|x64.ActiveCfg = Debug|x64
		{DA131760-9DD7-4BD2-8BB8-8D8437B69CAC}.Debug|x64.Build.0 = Debug|x64
		{DA131760-9DD7-4BD2-8BB8-8D8437B69CAC}.Debug|x86.ActiveCfg = Debug|Win32
		{DA131760-9DD7-4BD2-8BB8-8D8437B69CAC}.Debug|x86.Build.0 = Debug|Win32
		{DA131760-9DD7-4BD2-8BB8-8D8437B69CAC}.Release|x64.ActiveCfg = Release|x64
		{DA131760-9DD7-4BD2-8BB8-8D8437B69CAC}.Release|x64.Build.0 = Release|x64
		{DA131760-9DD7-4BD2-8BB8-8D8437B69CAC}.Release|x86.ActiveCfg = Release|Win32
		{DA131760-9DD7-4BD2-8BB8-8D8437B69CAC}.Release|x86.Build.0 = Release|Win32
		{0FF29325-9A82-468B-98D7-E451E2DC254A}.Debug|x64.ActiveCfg = Debug|x64
		{0FF29325-9A82-468B-98D7-E451E2DC254A}.Debug|x64.Build.0 = Debug|x64
		{0FF29325-9A82-468B-98D7-E451E2DC254A}.Debug|x86.ActiveCfg = Debug|Win32
		{0FF29325-9A82-468B-98D7-E451E2DC254A}.Debug|x86.Build.0 = Debug|Win32
		{0FF29325-9A82-468B-98D7-E451E2DC254A}.Release|x64.ActiveCfg = Release|x64
		{0FF29325-9A82-468B-98D7-E451E2DC254A}.Release|x64.Build.0 = Release|x64
		{0FF29325-9A82-468B-98D7-E451E2DC254A}.Release|x86.ActiveCfg = Release|Win32
		{0FF29325-9A82-468B-98D7-E451E2DC254A}.Release|x86.Build.0 = Release|Win32
		{F5CF81E5-EA0F-48C8-B7D5-E428C84057B5}.Debug|x64.ActiveCfg = Debug|x64
		{F5CF81E5-EA0F-48C8-B7D5-E428C84057B5}.Debug|x64.Build.0 = Debug|x64
		{F5CF81E5-EA0F-48C8-B7D5-E428C84057B5}.Debug|x86.ActiveCfg = Debug|Win32
		{F5CF81E5-EA0F-48C8-B7D5-E428C84057B5}.Debug|x86.Build.0 = Debug|Win32
		{F5CF81E5-EA0F-48C8-B7D5-E428C84057B5}.Release|x64.ActiveCfg = Release|x64
		{F5CF81E5-EA0F-48C8-B7D5-E428C84057B5}.Release|x64.Build.0 = Release|x64
		{F5CF81E5-EA0F-48C8-B7D5-E428C84057B5}.Release|x86.ActiveCfg = Release|Win32
		{F5CF81E5-EA0F-48C8-B7D5-E428C84057B5}.Release|x86.Build.0 = Release|Win32
		{DE1938AD-1148-46C7-B87A-E48890F41D28}.Debug|x64.ActiveCfg = Debug|x64
		{DE1938AD-1148-46C7-B87A-E48890F41D28}.Debug|x64.Build.0 = Debug|x64
		{DE1938AD-1148-46C7-B87A-E48890F41D28}.Debug|x86.ActiveCfg = Debug|Win32
		{DE1938AD-1148-46C7-B87A-E48890F41D28}.Debug|x86.Build.0 = Debug|Win32
		{DE1938AD-1148-46C7-B87A-E48890F41D28}.Release|x64.ActiveCfg = Release|x64
		{DE1938AD-1148-46C7-B87A-E48890F41D28}.Release|x64.Build.0 = Release|x64
		{DE1938AD-1148-46C7-B87A-E48890F41D28}.Release|x86.ActiveCfg = Release|Win32
		{DE1938AD-1148-46C7-B87A-E48890F41D28}.Release|x86.Build.0 = Release|Win32
		{BC13B08D-4E97-4127-8373-BC2A7AA23B2E}.Debug|x64.ActiveCfg = Debug|x64
		{BC13B08D-4E97-4127-8373-BC2A7AA23B2E}.Debug|x64.Build.0 = Debug|x64
		{BC13B08D-4E97-4127-8373-BC2A7AA23B2E}.Debug|x86.ActiveCfg = Debug|Win32
		{BC13B08D-4E97-4127-8373-BC2A7AA23B2E}.Debug|x86.Build.0 = Debug|Win32
		{BC13B08D-4E97-4127-8373-BC2A7AA23B2E}.Release|x64.ActiveCfg = Release|x64
		{BC13B08D-4E97-4127-8373-BC2A7AA23B2E}.Release|x64.Build.0 = Release|x64
		{BC13B08D-4E97-4127-8373-BC2A7AA23B2E}.Release|x86.ActiveCfg = Release|Win32
		{BC13B08D-4E97-4127-8373-BC2A7AA23B2E}.Release|x86.Build.0 = Release|Win32
		{C27FBEBC-C8A2-4DBB-AAAC-1E078B4B28A5}.Debug|x64.ActiveCfg = Debug|x64
		{C27FBEBC-C8A2-4DBB-AAAC-1E078B4B28A5}.Debug|x64.Build.0 = Debug|x64
		{C27FBEBC-C8A2-4DBB-AAAC-1E078B4B28A5}.Debug|x86.ActiveCfg = Debug|Win32
		{C27FBEBC-C8A2-4DBB-AAAC-1E078B4B28A5}.Debug|x86.Build.0 = Debug|Win32
		{C27FBEBC-C8A2-4DBB-AAAC-1E078B4B28A5}.Release|x64.ActiveCfg = Release|x64
		{C27FBEBC-C8A2-4DBB-AAAC-1E078B4B28A5}.Release|x64.Build.0 = Release|x64
		{C27FBEBC-C8A2-4DBB-AAAC-1E078B4B28A5}.Release|x86.ActiveCfg = Release|Win32
		{C27FBEBC-C8A2-4DBB-AAAC-1E078B4B28A5}.Release|x86.Build.0 = Release|Win32
		{26C493CE-578D-4858-8170-0845543D1079}.Debug|x64.ActiveCfg = Debug|x64
		{26C493CE-578D-4858-8170-0845543D1079}.Debug|x64.Build.0 = Debug|x64
		{26C493CE-578D-4858-8170-0845543D1079}.Debug|x86.ActiveCfg = Debug|Win32
		{26C493CE-578D-4858-8170-0845543D1079}.Debug|x86.Build.0 = Debug|Win32
		{26C493CE-578D-4858-8170-0845543D1079}.Release|x64.ActiveCfg = Release|x64
		{26C493CE-578D-4858-8170-0845543D1079}.Release|x64.Build.0 = Release|x64
		{26C493CE-578D-4858-8170-0845543D1079}.Release|x86.ActiveCfg = Release|Win32
		{26C493CE-578D-4858-8170-0845543D1079}.Release|x86.Build.0 = Release|Win32
		{EA4F87F0-D3F9-4FD6-8A43-5D561D6D6355}.Debug|x64.ActiveCfg = Debug|x64
		{EA4F87F0-D3F9-4FD6-8A43-5D561D6D6355}.Debug|x64.Build.0 = Debug|x64
		{EA4F87F0-D3F9-4FD6-8A43-5D561D6D6355}.Debug|x86.ActiveCfg = Debug|Win32
		{EA4F87F0-D3F9-4FD6-8A43-5D561D6D6355}.Debug|x86.Build.0 = Debug|Win32
		{EA4F87F0-D3F9-4FD6-8A43-5D561D6D6355}.Release|x64.ActiveCfg = Release|x64
		{EA4F87F0-D3F9-4FD6-8A43-5D561D6D6355}.Release|x64.Build.0 = Release|x64
		{EA4F87F0-D3F9-4FD6-8A43-5D561D6D6355}.Release|x86.ActiveCfg = Release|Win32
		{EA4F87F0-D3F9-4FD6-8A43-5D561D6D6355}.Release|x86.Build.0 = Release|Win32
		{B317EEC2-B019-42B8-8BA2-823BC25CA462}.Debug|x64.ActiveCfg = Debug|x64
		{B317EEC2-B019-42B8-8BA2-823BC25CA462}.Debug|x64.Build.0 = Debug|x64
		{B317EEC2-B019-42B8-8BA2-823BC25CA462}.Debug|x86.ActiveCfg = Debug|Win32
		{B317EEC2-B019-42B8-8BA2-823BC25CA462}.Debug|x86.Build.0 = Debug|Win32
		{B317EEC2-B019-42B8-8BA2-823BC25CA462}.Release|x64.ActiveCfg = Release|x64
		{B317EEC2-B019-42B8-8BA2-823BC25CA462}.Release|x64.Build.0 = Release|x64
		{B317EEC2-B019-42B8-8BA2-823BC25CA462}.Release|x86.ActiveCfg = Release|Win32
		{B317EEC2-B019-42B8-8BA2-823BC25CA462}.Release|x86.Build.0 = Release|Win32
		{F17AF83C-7684-4CD5-9924-EAD00F851FF4}.Debug|x64.ActiveCfg = Debug|x64
		{F17AF83C-7684-4CD5-9924-EAD00F851FF4}.Debug|x64.Build.0 = Debug|x64
		{F17AF83C-7684-4CD5-9924-EAD00F851FF4}.Debug|x86.ActiveCfg = Debug|Win32
		{F17AF83C-7684-4CD5-9924-EAD00F851FF4}.Debug|x86.Build.0 = Debug|Win32
		{F17AF83C-7684-4CD5-9924-EAD00F851FF4}.Release|x64.ActiveCfg = Release|x64
		{F17AF83C-7684-4CD5-9924-EAD00F851FF4}.Release|x64.Build.0 = Release|x64
		{F17AF83C-7684-4CD5-9924-EAD00F851FF4}.Release|x86.ActiveCfg = Release|Win32
		{F17AF83C-7684-4CD5-9924-EAD00F851FF4}.Release|x86.Build.0 = Release|Win32
		{04D54358-B0E6-4133-9F27-15C513EC3085}.Debug|x64.ActiveCfg = Debug|x64
		{04D54358-B0E6-4133-9F27-15C513EC3085}.Debug|x64.Build.0 = Debug|x64
		{04D54358-B0E6-4133-9F27-15C513EC3085}.Debug|x86.ActiveCfg = Debug|Win32
		{04D54358-B0E6-4133-9F27-15C513EC3085}.Debug|x86.Build.0 = Debug|Win32
		{04D54358-B0E6-4133-9F27-15C513EC3085}.Release|x64.ActiveCfg = Release|x64
		{04D54358-B0E6-4133-9F27-15C513EC3085}.Release|x64.Build.0 = Release|x64
		{04D54358-B0E6-4133-9F27-15C513EC3085}.Release|x86.ActiveCfg = Release|Win32
		{04D54358-B0E6-4133-9F27-15C513EC3085}.Release|x86.Build.0 = Release|Win32
		{4DD021AA-F028-4374-AD17-3813A14D669F}.Debug|x64.ActiveCfg = Debug|x64
		{4DD021AA-F028-4374-AD17-3813A14D669F}.Debug|x64.Build.0 = Debug|x64
		{4DD021AA-F028-4374-AD17-3813A14D669F}.Debug|x86.ActiveCfg = Debug|Win32
		{4DD021AA-F028-4374-AD17-3813A14D669F}.Debug|x86.Build.0 = Debug|Win32
		{4DD021AA-F028-4374-AD17-3813A14D669F}.Release|x64.ActiveCfg = Release|x64
		{4DD021AA-F028-4374-AD17-3813A14D669F}.Release|x64.Build.0 = Release|x64
		{4DD021AA-F028-4374-AD17-3813A14D669F}.Release|x86.ActiveCfg = Release|Win32
		{4DD021AA-F028-4374-AD17-3813A14D669F}.Release|x86.Build.0 = Release|Win32
		{AD0FC827-A898-4716-8ADD-6ED9496142C8}.Debug|x64.ActiveCfg = Debug|x64
		{AD0FC827-A898-4716-8ADD-6ED9496142C8}.Debug|x64.Build.0 = Debug|x64
		{AD0FC827-A898-4716-8ADD-6ED9496142C8}.Debug|x86.ActiveCfg = Debug|Win32
		{AD0FC827-A898-4716-8ADD-6ED9496142C8}.Debug|x86.Build.0 = Debug|Win32
		{AD0FC827-A898-4716-8ADD-6ED9496142C8}.Release|x64.ActiveCfg = Release|x64
		{AD0FC827-A898-4716-8ADD-6ED9496142C8}.Release|x64.Build.0 = Release|x64
		{AD0FC827-A898-4716-8ADD-6ED9496142C8}.Release|x86.ActiveCfg = Release|Win32
		{AD0FC827-A898-4716-8ADD-6ED9496142C8}.Release|x86.Build.0 = Release|Win32
		{7D1D8C39-84E4-4024-A48D-29F6AC8EEFCA}.Debug|x64.ActiveCfg = Debug|x64
		{7D1D8C39-84E4-4024-A48D-29F6AC8EEFCA}.Debug|x64.Build.0 = Debug|x64
		{7D1D8C39-84E4-4024-A48D-29F6AC8EEFCA}.Debug|x86.ActiveCfg = Debug|Win32
		{7D1D8C39-84E4-4024-A48D-29F6AC8EEFCA}.Debug|x86.Build.0 = Debug|Win32
		{7D1D8C39-84E4-4024-A48D-29F6AC8EEFCA}.Release|x64.ActiveCfg = Release|x64
		{7D1D8C39-84E4-4024-A48D-29F6AC8EEFCA}.Release|x64.Build.0 = Release|x64
		{7D1D8C39-84E4-4024-A48D-29F6AC8EEFCA}.Release|x86.ActiveCfg = Release|Win32
		{7D1D8C39-84E4-4024-A48D-29F6AC8EEFCA}.Release|x86.Build.0 = Release|Win32
		{189F6F18-B302-4708-89B6-7D8CF411C7DF}.Debug|x64.ActiveCfg = Debug|x64
		{189F6F18-B302-4708-89B6-7D8CF411C7DF}.Debug|x64.Build.0 = Debug|x64
		{189F6F18-B302-4708-89B6-7D8CF411C7DF}.Debug|x86.ActiveCfg = Debug|Win32
		{189F6F18-B302-4708-89B6-7D8CF411C7DF}.Debug|x86.Build.0 = Debug|Win32
		{189F6F18-B302-4708-89B6-7D8CF411C7DF}.Release|x64.ActiveCfg = Release|x64
		{189F6F18-B302-4708-89B6-7D8CF411C7DF}.Release|x64.Build.0 = Release|x64
		{189F6F18-B302-4708-89B6-7D8CF411C7DF}.Release|x86.ActiveCfg = Release|Win32
		{189F6F18-B302-4708-89B6-7D8CF411C7DF}.Release|x86.Build.0 = Release|Win32
	EndGlobalSection
	GlobalSection(SolutionProperties) = preSolution
		HideSolutionNode = FALSE
	EndGlobalSection
	GlobalSection(ExtensibilityGlobals) = postSolution
		SolutionGuid = {D8BCC351-96C4-4CB1-AB67-87678AE681F5}
	EndGlobalSection
EndGlobal
