
Microsoft Visual Studio Solution File, Format Version 12.00
# Visual Studio Version 16
VisualStudioVersion = 16.0.31205.134
MinimumVisualStudioVersion = 10.0.40219.1
Project("{8BC9CEB8-8B4A-11D0-8D11-00A0C91BC942}") = "learncpp", "learncpp.vcxproj", "{27E70EE0-BAA1-45AF-8F78-DB8CE04D5CB5}"
EndProject
Global
	GlobalSection(SolutionConfigurationPlatforms) = preSolution
		array_2|x64 = array_2|x64
		array_2|x86 = array_2|x86
		array_allocation|x64 = array_allocation|x64
		array_allocation|x86 = array_allocation|x86
		array|x64 = array|x64
		array|x86 = array|x86
		ascii_char|x64 = ascii_char|x64
		ascii_char|x86 = ascii_char|x86
		bin_search|x64 = bin_search|x64
		bin_search|x86 = bin_search|x86
		bit_manipulation|x64 = bit_manipulation|x64
		bit_manipulation|x86 = bit_manipulation|x86
		blackjack_oop|x64 = blackjack_oop|x64
		blackjack_oop|x86 = blackjack_oop|x86
		blackjack|x64 = blackjack|x64
		blackjack|x86 = blackjack|x86
		calculate_ball_falling_while|x64 = calculate_ball_falling_while|x64
		calculate_ball_falling_while|x86 = calculate_ball_falling_while|x86
		calculate_ball_falling|x64 = calculate_ball_falling|x64
		calculate_ball_falling|x86 = calculate_ball_falling|x86
		cin_cout|x64 = cin_cout|x64
		cin_cout|x86 = cin_cout|x86
		class_quiz|x64 = class_quiz|x64
		class_quiz|x86 = class_quiz|x86
		classes|x64 = classes|x64
		classes|x86 = classes|x86
		Debug|x64 = Debug|x64
		Debug|x86 = Debug|x86
		enum_class|x64 = enum_class|x64
		enum_class|x86 = enum_class|x86
		for_each|x64 = for_each|x64
		for_each|x86 = for_each|x86
		friend_functions|x64 = friend_functions|x64
		friend_functions|x86 = friend_functions|x86
		function_pointers|x64 = function_pointers|x64
		function_pointers|x86 = function_pointers|x86
		functions|x64 = functions|x64
		functions|x86 = functions|x86
		header_files|x64 = header_files|x64
		header_files|x86 = header_files|x86
		iterators|x64 = iterators|x64
		iterators|x86 = iterators|x86
		lambda|x64 = lambda|x64
		lambda|x86 = lambda|x86
		main_timer|x64 = main_timer|x64
		main_timer|x86 = main_timer|x86
		max_students_class|x64 = max_students_class|x64
		max_students_class|x86 = max_students_class|x86
		member_selection|x64 = member_selection|x64
		member_selection|x86 = member_selection|x86
		memory_allocation|x64 = memory_allocation|x64
		memory_allocation|x86 = memory_allocation|x86
		monster_generator|x64 = monster_generator|x64
		monster_generator|x86 = monster_generator|x86
		mult_array|x64 = mult_array|x64
		mult_array|x86 = mult_array|x86
		overload_operators_comparison|x64 = overload_operators_comparison|x64
		overload_operators_comparison|x86 = overload_operators_comparison|x86
		overload_operators_friend|x64 = overload_operators_friend|x64
		overload_operators_friend|x86 = overload_operators_friend|x86
		overload_operators_increm|x64 = overload_operators_increm|x64
		overload_operators_increm|x86 = overload_operators_increm|x86
		overload_operators_io|x64 = overload_operators_io|x64
		overload_operators_io|x86 = overload_operators_io|x86
		overload_operators_unary|x64 = overload_operators_unary|x64
		overload_operators_unary|x86 = overload_operators_unary|x86
		overload_operators|x64 = overload_operators|x64
		overload_operators|x86 = overload_operators|x86
		pointer_address|x64 = pointer_address|x64
		pointer_address|x86 = pointer_address|x86
		pointer_array|x64 = pointer_array|x64
		pointer_array|x86 = pointer_array|x86
		pointer|x64 = pointer|x64
		pointer|x86 = pointer|x86
		quiz_enum_array|x64 = quiz_enum_array|x64
		quiz_enum_array|x86 = quiz_enum_array|x86
		quiz_vector_struct|x64 = quiz_vector_struct|x64
		quiz_vector_struct|x86 = quiz_vector_struct|x86
		recursion|x64 = recursion|x64
		recursion|x86 = recursion|x86
		reference_variable|x64 = reference_variable|x64
		reference_variable|x86 = reference_variable|x86
		Release|x64 = Release|x64
		Release|x86 = Release|x86
		simple_operators|x64 = simple_operators|x64
		simple_operators|x86 = simple_operators|x86
		sort_array_2|x64 = sort_array_2|x64
		sort_array_2|x86 = sort_array_2|x86
		sort_array|x64 = sort_array|x64
		sort_array|x86 = sort_array|x86
		static_local_variable|x64 = static_local_variable|x64
		static_local_variable|x86 = static_local_variable|x86
		std_algorithm|x64 = std_algorithm|x64
		std_algorithm|x86 = std_algorithm|x86
		std_array|x64 = std_array|x64
		std_array|x86 = std_array|x86
		std_vector|x64 = std_vector|x64
		std_vector|x86 = std_vector|x86
		struct|x64 = struct|x64
		struct|x86 = struct|x86
		switch|x64 = switch|x64
		switch|x86 = switch|x86
		template|x64 = template|x64
		template|x86 = template|x86
		while|x64 = while|x64
		while|x86 = while|x86
	EndGlobalSection
	GlobalSection(ProjectConfigurationPlatforms) = postSolution
		{27E70EE0-BAA1-45AF-8F78-DB8CE04D5CB5}.array_2|x64.ActiveCfg = array_2|x64
		{27E70EE0-BAA1-45AF-8F78-DB8CE04D5CB5}.array_2|x64.Build.0 = array_2|x64
		{27E70EE0-BAA1-45AF-8F78-DB8CE04D5CB5}.array_2|x86.ActiveCfg = array_2|Win32
		{27E70EE0-BAA1-45AF-8F78-DB8CE04D5CB5}.array_2|x86.Build.0 = array_2|Win32
		{27E70EE0-BAA1-45AF-8F78-DB8CE04D5CB5}.array_allocation|x64.ActiveCfg = array_allocation|x64
		{27E70EE0-BAA1-45AF-8F78-DB8CE04D5CB5}.array_allocation|x64.Build.0 = array_allocation|x64
		{27E70EE0-BAA1-45AF-8F78-DB8CE04D5CB5}.array_allocation|x86.ActiveCfg = array_allocation|Win32
		{27E70EE0-BAA1-45AF-8F78-DB8CE04D5CB5}.array_allocation|x86.Build.0 = array_allocation|Win32
		{27E70EE0-BAA1-45AF-8F78-DB8CE04D5CB5}.array|x64.ActiveCfg = array|x64
		{27E70EE0-BAA1-45AF-8F78-DB8CE04D5CB5}.array|x64.Build.0 = array|x64
		{27E70EE0-BAA1-45AF-8F78-DB8CE04D5CB5}.array|x86.ActiveCfg = array|Win32
		{27E70EE0-BAA1-45AF-8F78-DB8CE04D5CB5}.array|x86.Build.0 = array|Win32
		{27E70EE0-BAA1-45AF-8F78-DB8CE04D5CB5}.ascii_char|x64.ActiveCfg = ascii_char|x64
		{27E70EE0-BAA1-45AF-8F78-DB8CE04D5CB5}.ascii_char|x64.Build.0 = ascii_char|x64
		{27E70EE0-BAA1-45AF-8F78-DB8CE04D5CB5}.ascii_char|x86.ActiveCfg = ascii_char|Win32
		{27E70EE0-BAA1-45AF-8F78-DB8CE04D5CB5}.ascii_char|x86.Build.0 = ascii_char|Win32
		{27E70EE0-BAA1-45AF-8F78-DB8CE04D5CB5}.bin_search|x64.ActiveCfg = bin_search|x64
		{27E70EE0-BAA1-45AF-8F78-DB8CE04D5CB5}.bin_search|x64.Build.0 = bin_search|x64
		{27E70EE0-BAA1-45AF-8F78-DB8CE04D5CB5}.bin_search|x86.ActiveCfg = bin_search|Win32
		{27E70EE0-BAA1-45AF-8F78-DB8CE04D5CB5}.bin_search|x86.Build.0 = bin_search|Win32
		{27E70EE0-BAA1-45AF-8F78-DB8CE04D5CB5}.bit_manipulation|x64.ActiveCfg = bit_manipulation|x64
		{27E70EE0-BAA1-45AF-8F78-DB8CE04D5CB5}.bit_manipulation|x64.Build.0 = bit_manipulation|x64
		{27E70EE0-BAA1-45AF-8F78-DB8CE04D5CB5}.bit_manipulation|x86.ActiveCfg = bit_manipulation|Win32
		{27E70EE0-BAA1-45AF-8F78-DB8CE04D5CB5}.bit_manipulation|x86.Build.0 = bit_manipulation|Win32
		{27E70EE0-BAA1-45AF-8F78-DB8CE04D5CB5}.blackjack_oop|x64.ActiveCfg = blackjack_oop|x64
		{27E70EE0-BAA1-45AF-8F78-DB8CE04D5CB5}.blackjack_oop|x64.Build.0 = blackjack_oop|x64
		{27E70EE0-BAA1-45AF-8F78-DB8CE04D5CB5}.blackjack_oop|x86.ActiveCfg = blackjack_oop|Win32
		{27E70EE0-BAA1-45AF-8F78-DB8CE04D5CB5}.blackjack_oop|x86.Build.0 = blackjack_oop|Win32
		{27E70EE0-BAA1-45AF-8F78-DB8CE04D5CB5}.blackjack|x64.ActiveCfg = blackjack|x64
		{27E70EE0-BAA1-45AF-8F78-DB8CE04D5CB5}.blackjack|x64.Build.0 = blackjack|x64
		{27E70EE0-BAA1-45AF-8F78-DB8CE04D5CB5}.blackjack|x86.ActiveCfg = blackjack|Win32
		{27E70EE0-BAA1-45AF-8F78-DB8CE04D5CB5}.blackjack|x86.Build.0 = blackjack|Win32
		{27E70EE0-BAA1-45AF-8F78-DB8CE04D5CB5}.calculate_ball_falling_while|x64.ActiveCfg = calculate_ball_falling_while|x64
		{27E70EE0-BAA1-45AF-8F78-DB8CE04D5CB5}.calculate_ball_falling_while|x64.Build.0 = calculate_ball_falling_while|x64
		{27E70EE0-BAA1-45AF-8F78-DB8CE04D5CB5}.calculate_ball_falling_while|x86.ActiveCfg = calculate_ball_falling_while|Win32
		{27E70EE0-BAA1-45AF-8F78-DB8CE04D5CB5}.calculate_ball_falling_while|x86.Build.0 = calculate_ball_falling_while|Win32
		{27E70EE0-BAA1-45AF-8F78-DB8CE04D5CB5}.calculate_ball_falling|x64.ActiveCfg = calculate_ball_falling|x64
		{27E70EE0-BAA1-45AF-8F78-DB8CE04D5CB5}.calculate_ball_falling|x64.Build.0 = calculate_ball_falling|x64
		{27E70EE0-BAA1-45AF-8F78-DB8CE04D5CB5}.calculate_ball_falling|x86.ActiveCfg = calculate_ball_falling|Win32
		{27E70EE0-BAA1-45AF-8F78-DB8CE04D5CB5}.calculate_ball_falling|x86.Build.0 = calculate_ball_falling|Win32
		{27E70EE0-BAA1-45AF-8F78-DB8CE04D5CB5}.cin_cout|x64.ActiveCfg = cin_cout|x64
		{27E70EE0-BAA1-45AF-8F78-DB8CE04D5CB5}.cin_cout|x64.Build.0 = cin_cout|x64
		{27E70EE0-BAA1-45AF-8F78-DB8CE04D5CB5}.cin_cout|x86.ActiveCfg = cin_cout|Win32
		{27E70EE0-BAA1-45AF-8F78-DB8CE04D5CB5}.cin_cout|x86.Build.0 = cin_cout|Win32
		{27E70EE0-BAA1-45AF-8F78-DB8CE04D5CB5}.class_quiz|x64.ActiveCfg = class_quiz|x64
		{27E70EE0-BAA1-45AF-8F78-DB8CE04D5CB5}.class_quiz|x64.Build.0 = class_quiz|x64
		{27E70EE0-BAA1-45AF-8F78-DB8CE04D5CB5}.class_quiz|x86.ActiveCfg = class_quiz|Win32
		{27E70EE0-BAA1-45AF-8F78-DB8CE04D5CB5}.class_quiz|x86.Build.0 = class_quiz|Win32
		{27E70EE0-BAA1-45AF-8F78-DB8CE04D5CB5}.classes|x64.ActiveCfg = classes|x64
		{27E70EE0-BAA1-45AF-8F78-DB8CE04D5CB5}.classes|x64.Build.0 = classes|x64
		{27E70EE0-BAA1-45AF-8F78-DB8CE04D5CB5}.classes|x86.ActiveCfg = classes|Win32
		{27E70EE0-BAA1-45AF-8F78-DB8CE04D5CB5}.classes|x86.Build.0 = classes|Win32
		{27E70EE0-BAA1-45AF-8F78-DB8CE04D5CB5}.Debug|x64.ActiveCfg = Debug|x64
		{27E70EE0-BAA1-45AF-8F78-DB8CE04D5CB5}.Debug|x64.Build.0 = Debug|x64
		{27E70EE0-BAA1-45AF-8F78-DB8CE04D5CB5}.Debug|x86.ActiveCfg = Debug|Win32
		{27E70EE0-BAA1-45AF-8F78-DB8CE04D5CB5}.Debug|x86.Build.0 = Debug|Win32
		{27E70EE0-BAA1-45AF-8F78-DB8CE04D5CB5}.enum_class|x64.ActiveCfg = enum_class|x64
		{27E70EE0-BAA1-45AF-8F78-DB8CE04D5CB5}.enum_class|x64.Build.0 = enum_class|x64
		{27E70EE0-BAA1-45AF-8F78-DB8CE04D5CB5}.enum_class|x86.ActiveCfg = enum_class|Win32
		{27E70EE0-BAA1-45AF-8F78-DB8CE04D5CB5}.enum_class|x86.Build.0 = enum_class|Win32
		{27E70EE0-BAA1-45AF-8F78-DB8CE04D5CB5}.for_each|x64.ActiveCfg = for_each|x64
		{27E70EE0-BAA1-45AF-8F78-DB8CE04D5CB5}.for_each|x64.Build.0 = for_each|x64
		{27E70EE0-BAA1-45AF-8F78-DB8CE04D5CB5}.for_each|x86.ActiveCfg = for_each|Win32
		{27E70EE0-BAA1-45AF-8F78-DB8CE04D5CB5}.for_each|x86.Build.0 = for_each|Win32
		{27E70EE0-BAA1-45AF-8F78-DB8CE04D5CB5}.friend_functions|x64.ActiveCfg = friend_functions|x64
		{27E70EE0-BAA1-45AF-8F78-DB8CE04D5CB5}.friend_functions|x64.Build.0 = friend_functions|x64
		{27E70EE0-BAA1-45AF-8F78-DB8CE04D5CB5}.friend_functions|x86.ActiveCfg = friend_functions|Win32
		{27E70EE0-BAA1-45AF-8F78-DB8CE04D5CB5}.friend_functions|x86.Build.0 = friend_functions|Win32
		{27E70EE0-BAA1-45AF-8F78-DB8CE04D5CB5}.function_pointers|x64.ActiveCfg = function_pointers|x64
		{27E70EE0-BAA1-45AF-8F78-DB8CE04D5CB5}.function_pointers|x64.Build.0 = function_pointers|x64
		{27E70EE0-BAA1-45AF-8F78-DB8CE04D5CB5}.function_pointers|x86.ActiveCfg = function_pointers|Win32
		{27E70EE0-BAA1-45AF-8F78-DB8CE04D5CB5}.function_pointers|x86.Build.0 = function_pointers|Win32
		{27E70EE0-BAA1-45AF-8F78-DB8CE04D5CB5}.functions|x64.ActiveCfg = functions|x64
		{27E70EE0-BAA1-45AF-8F78-DB8CE04D5CB5}.functions|x64.Build.0 = functions|x64
		{27E70EE0-BAA1-45AF-8F78-DB8CE04D5CB5}.functions|x86.ActiveCfg = functions|Win32
		{27E70EE0-BAA1-45AF-8F78-DB8CE04D5CB5}.functions|x86.Build.0 = functions|Win32
		{27E70EE0-BAA1-45AF-8F78-DB8CE04D5CB5}.header_files|x64.ActiveCfg = header_files|x64
		{27E70EE0-BAA1-45AF-8F78-DB8CE04D5CB5}.header_files|x64.Build.0 = header_files|x64
		{27E70EE0-BAA1-45AF-8F78-DB8CE04D5CB5}.header_files|x86.ActiveCfg = header_files|Win32
		{27E70EE0-BAA1-45AF-8F78-DB8CE04D5CB5}.header_files|x86.Build.0 = header_files|Win32
		{27E70EE0-BAA1-45AF-8F78-DB8CE04D5CB5}.iterators|x64.ActiveCfg = iterators|x64
		{27E70EE0-BAA1-45AF-8F78-DB8CE04D5CB5}.iterators|x64.Build.0 = iterators|x64
		{27E70EE0-BAA1-45AF-8F78-DB8CE04D5CB5}.iterators|x86.ActiveCfg = iterators|Win32
		{27E70EE0-BAA1-45AF-8F78-DB8CE04D5CB5}.iterators|x86.Build.0 = iterators|Win32
		{27E70EE0-BAA1-45AF-8F78-DB8CE04D5CB5}.lambda|x64.ActiveCfg = lambda|x64
		{27E70EE0-BAA1-45AF-8F78-DB8CE04D5CB5}.lambda|x64.Build.0 = lambda|x64
		{27E70EE0-BAA1-45AF-8F78-DB8CE04D5CB5}.lambda|x86.ActiveCfg = lambda|Win32
		{27E70EE0-BAA1-45AF-8F78-DB8CE04D5CB5}.lambda|x86.Build.0 = lambda|Win32
		{27E70EE0-BAA1-45AF-8F78-DB8CE04D5CB5}.main_timer|x64.ActiveCfg = main_timer|x64
		{27E70EE0-BAA1-45AF-8F78-DB8CE04D5CB5}.main_timer|x64.Build.0 = main_timer|x64
		{27E70EE0-BAA1-45AF-8F78-DB8CE04D5CB5}.main_timer|x86.ActiveCfg = main_timer|Win32
		{27E70EE0-BAA1-45AF-8F78-DB8CE04D5CB5}.main_timer|x86.Build.0 = main_timer|Win32
		{27E70EE0-BAA1-45AF-8F78-DB8CE04D5CB5}.max_students_class|x64.ActiveCfg = max_students_class|x64
		{27E70EE0-BAA1-45AF-8F78-DB8CE04D5CB5}.max_students_class|x64.Build.0 = max_students_class|x64
		{27E70EE0-BAA1-45AF-8F78-DB8CE04D5CB5}.max_students_class|x86.ActiveCfg = max_students_class|Win32
		{27E70EE0-BAA1-45AF-8F78-DB8CE04D5CB5}.max_students_class|x86.Build.0 = max_students_class|Win32
		{27E70EE0-BAA1-45AF-8F78-DB8CE04D5CB5}.member_selection|x64.ActiveCfg = member_selection|x64
		{27E70EE0-BAA1-45AF-8F78-DB8CE04D5CB5}.member_selection|x64.Build.0 = member_selection|x64
		{27E70EE0-BAA1-45AF-8F78-DB8CE04D5CB5}.member_selection|x86.ActiveCfg = member_selection|Win32
		{27E70EE0-BAA1-45AF-8F78-DB8CE04D5CB5}.member_selection|x86.Build.0 = member_selection|Win32
		{27E70EE0-BAA1-45AF-8F78-DB8CE04D5CB5}.memory_allocation|x64.ActiveCfg = memory_allocation|x64
		{27E70EE0-BAA1-45AF-8F78-DB8CE04D5CB5}.memory_allocation|x64.Build.0 = memory_allocation|x64
		{27E70EE0-BAA1-45AF-8F78-DB8CE04D5CB5}.memory_allocation|x86.ActiveCfg = memory_allocation|Win32
		{27E70EE0-BAA1-45AF-8F78-DB8CE04D5CB5}.memory_allocation|x86.Build.0 = memory_allocation|Win32
		{27E70EE0-BAA1-45AF-8F78-DB8CE04D5CB5}.monster_generator|x64.ActiveCfg = monster_generator|x64
		{27E70EE0-BAA1-45AF-8F78-DB8CE04D5CB5}.monster_generator|x64.Build.0 = monster_generator|x64
		{27E70EE0-BAA1-45AF-8F78-DB8CE04D5CB5}.monster_generator|x86.ActiveCfg = monster_generator|Win32
		{27E70EE0-BAA1-45AF-8F78-DB8CE04D5CB5}.monster_generator|x86.Build.0 = monster_generator|Win32
		{27E70EE0-BAA1-45AF-8F78-DB8CE04D5CB5}.mult_array|x64.ActiveCfg = mult_array|x64
		{27E70EE0-BAA1-45AF-8F78-DB8CE04D5CB5}.mult_array|x64.Build.0 = mult_array|x64
		{27E70EE0-BAA1-45AF-8F78-DB8CE04D5CB5}.mult_array|x86.ActiveCfg = mult_array|Win32
		{27E70EE0-BAA1-45AF-8F78-DB8CE04D5CB5}.mult_array|x86.Build.0 = mult_array|Win32
		{27E70EE0-BAA1-45AF-8F78-DB8CE04D5CB5}.overload_operators_comparison|x64.ActiveCfg = overload_operators_comparison|x64
		{27E70EE0-BAA1-45AF-8F78-DB8CE04D5CB5}.overload_operators_comparison|x64.Build.0 = overload_operators_comparison|x64
		{27E70EE0-BAA1-45AF-8F78-DB8CE04D5CB5}.overload_operators_comparison|x86.ActiveCfg = overload_operators_comparison|Win32
		{27E70EE0-BAA1-45AF-8F78-DB8CE04D5CB5}.overload_operators_comparison|x86.Build.0 = overload_operators_comparison|Win32
		{27E70EE0-BAA1-45AF-8F78-DB8CE04D5CB5}.overload_operators_friend|x64.ActiveCfg = overload_operators_friend|x64
		{27E70EE0-BAA1-45AF-8F78-DB8CE04D5CB5}.overload_operators_friend|x64.Build.0 = overload_operators_friend|x64
		{27E70EE0-BAA1-45AF-8F78-DB8CE04D5CB5}.overload_operators_friend|x86.ActiveCfg = overload_operators_friend|Win32
		{27E70EE0-BAA1-45AF-8F78-DB8CE04D5CB5}.overload_operators_friend|x86.Build.0 = overload_operators_friend|Win32
		{27E70EE0-BAA1-45AF-8F78-DB8CE04D5CB5}.overload_operators_increm|x64.ActiveCfg = overload_operators_increm|x64
		{27E70EE0-BAA1-45AF-8F78-DB8CE04D5CB5}.overload_operators_increm|x64.Build.0 = overload_operators_increm|x64
		{27E70EE0-BAA1-45AF-8F78-DB8CE04D5CB5}.overload_operators_increm|x86.ActiveCfg = overload_operators_increm|Win32
		{27E70EE0-BAA1-45AF-8F78-DB8CE04D5CB5}.overload_operators_increm|x86.Build.0 = overload_operators_increm|Win32
		{27E70EE0-BAA1-45AF-8F78-DB8CE04D5CB5}.overload_operators_io|x64.ActiveCfg = overload_operators_io|x64
		{27E70EE0-BAA1-45AF-8F78-DB8CE04D5CB5}.overload_operators_io|x64.Build.0 = overload_operators_io|x64
		{27E70EE0-BAA1-45AF-8F78-DB8CE04D5CB5}.overload_operators_io|x86.ActiveCfg = overload_operators_io|Win32
		{27E70EE0-BAA1-45AF-8F78-DB8CE04D5CB5}.overload_operators_io|x86.Build.0 = overload_operators_io|Win32
		{27E70EE0-BAA1-45AF-8F78-DB8CE04D5CB5}.overload_operators_unary|x64.ActiveCfg = overload_operators_unary|x64
		{27E70EE0-BAA1-45AF-8F78-DB8CE04D5CB5}.overload_operators_unary|x64.Build.0 = overload_operators_unary|x64
		{27E70EE0-BAA1-45AF-8F78-DB8CE04D5CB5}.overload_operators_unary|x86.ActiveCfg = overload_operators_unary|Win32
		{27E70EE0-BAA1-45AF-8F78-DB8CE04D5CB5}.overload_operators_unary|x86.Build.0 = overload_operators_unary|Win32
		{27E70EE0-BAA1-45AF-8F78-DB8CE04D5CB5}.overload_operators|x64.ActiveCfg = overload_operators|x64
		{27E70EE0-BAA1-45AF-8F78-DB8CE04D5CB5}.overload_operators|x64.Build.0 = overload_operators|x64
		{27E70EE0-BAA1-45AF-8F78-DB8CE04D5CB5}.overload_operators|x86.ActiveCfg = overload_operators|Win32
		{27E70EE0-BAA1-45AF-8F78-DB8CE04D5CB5}.overload_operators|x86.Build.0 = overload_operators|Win32
		{27E70EE0-BAA1-45AF-8F78-DB8CE04D5CB5}.pointer_address|x64.ActiveCfg = pointer_address|x64
		{27E70EE0-BAA1-45AF-8F78-DB8CE04D5CB5}.pointer_address|x64.Build.0 = pointer_address|x64
		{27E70EE0-BAA1-45AF-8F78-DB8CE04D5CB5}.pointer_address|x86.ActiveCfg = pointer_address|Win32
		{27E70EE0-BAA1-45AF-8F78-DB8CE04D5CB5}.pointer_address|x86.Build.0 = pointer_address|Win32
		{27E70EE0-BAA1-45AF-8F78-DB8CE04D5CB5}.pointer_array|x64.ActiveCfg = pointer_array|x64
		{27E70EE0-BAA1-45AF-8F78-DB8CE04D5CB5}.pointer_array|x64.Build.0 = pointer_array|x64
		{27E70EE0-BAA1-45AF-8F78-DB8CE04D5CB5}.pointer_array|x86.ActiveCfg = pointer_array|Win32
		{27E70EE0-BAA1-45AF-8F78-DB8CE04D5CB5}.pointer_array|x86.Build.0 = pointer_array|Win32
		{27E70EE0-BAA1-45AF-8F78-DB8CE04D5CB5}.pointer|x64.ActiveCfg = pointer|x64
		{27E70EE0-BAA1-45AF-8F78-DB8CE04D5CB5}.pointer|x64.Build.0 = pointer|x64
		{27E70EE0-BAA1-45AF-8F78-DB8CE04D5CB5}.pointer|x86.ActiveCfg = pointer|Win32
		{27E70EE0-BAA1-45AF-8F78-DB8CE04D5CB5}.pointer|x86.Build.0 = pointer|Win32
		{27E70EE0-BAA1-45AF-8F78-DB8CE04D5CB5}.quiz_enum_array|x64.ActiveCfg = quiz_enum_array|x64
		{27E70EE0-BAA1-45AF-8F78-DB8CE04D5CB5}.quiz_enum_array|x64.Build.0 = quiz_enum_array|x64
		{27E70EE0-BAA1-45AF-8F78-DB8CE04D5CB5}.quiz_enum_array|x86.ActiveCfg = quiz_enum_array|Win32
		{27E70EE0-BAA1-45AF-8F78-DB8CE04D5CB5}.quiz_enum_array|x86.Build.0 = quiz_enum_array|Win32
		{27E70EE0-BAA1-45AF-8F78-DB8CE04D5CB5}.quiz_vector_struct|x64.ActiveCfg = quiz_vector_struct|x64
		{27E70EE0-BAA1-45AF-8F78-DB8CE04D5CB5}.quiz_vector_struct|x64.Build.0 = quiz_vector_struct|x64
		{27E70EE0-BAA1-45AF-8F78-DB8CE04D5CB5}.quiz_vector_struct|x86.ActiveCfg = quiz_vector_struct|Win32
		{27E70EE0-BAA1-45AF-8F78-DB8CE04D5CB5}.quiz_vector_struct|x86.Build.0 = quiz_vector_struct|Win32
		{27E70EE0-BAA1-45AF-8F78-DB8CE04D5CB5}.recursion|x64.ActiveCfg = recursion|x64
		{27E70EE0-BAA1-45AF-8F78-DB8CE04D5CB5}.recursion|x64.Build.0 = recursion|x64
		{27E70EE0-BAA1-45AF-8F78-DB8CE04D5CB5}.recursion|x86.ActiveCfg = recursion|Win32
		{27E70EE0-BAA1-45AF-8F78-DB8CE04D5CB5}.recursion|x86.Build.0 = recursion|Win32
		{27E70EE0-BAA1-45AF-8F78-DB8CE04D5CB5}.reference_variable|x64.ActiveCfg = reference_variable|x64
		{27E70EE0-BAA1-45AF-8F78-DB8CE04D5CB5}.reference_variable|x64.Build.0 = reference_variable|x64
		{27E70EE0-BAA1-45AF-8F78-DB8CE04D5CB5}.reference_variable|x86.ActiveCfg = reference_variable|Win32
		{27E70EE0-BAA1-45AF-8F78-DB8CE04D5CB5}.reference_variable|x86.Build.0 = reference_variable|Win32
		{27E70EE0-BAA1-45AF-8F78-DB8CE04D5CB5}.Release|x64.ActiveCfg = Release|x64
		{27E70EE0-BAA1-45AF-8F78-DB8CE04D5CB5}.Release|x64.Build.0 = Release|x64
		{27E70EE0-BAA1-45AF-8F78-DB8CE04D5CB5}.Release|x86.ActiveCfg = Release|Win32
		{27E70EE0-BAA1-45AF-8F78-DB8CE04D5CB5}.Release|x86.Build.0 = Release|Win32
		{27E70EE0-BAA1-45AF-8F78-DB8CE04D5CB5}.simple_operators|x64.ActiveCfg = simple_operators|x64
		{27E70EE0-BAA1-45AF-8F78-DB8CE04D5CB5}.simple_operators|x64.Build.0 = simple_operators|x64
		{27E70EE0-BAA1-45AF-8F78-DB8CE04D5CB5}.simple_operators|x86.ActiveCfg = simple_operators|Win32
		{27E70EE0-BAA1-45AF-8F78-DB8CE04D5CB5}.simple_operators|x86.Build.0 = simple_operators|Win32
		{27E70EE0-BAA1-45AF-8F78-DB8CE04D5CB5}.sort_array_2|x64.ActiveCfg = sort_array_2|x64
		{27E70EE0-BAA1-45AF-8F78-DB8CE04D5CB5}.sort_array_2|x64.Build.0 = sort_array_2|x64
		{27E70EE0-BAA1-45AF-8F78-DB8CE04D5CB5}.sort_array_2|x86.ActiveCfg = sort_array_2|Win32
		{27E70EE0-BAA1-45AF-8F78-DB8CE04D5CB5}.sort_array_2|x86.Build.0 = sort_array_2|Win32
		{27E70EE0-BAA1-45AF-8F78-DB8CE04D5CB5}.sort_array|x64.ActiveCfg = sort_array|x64
		{27E70EE0-BAA1-45AF-8F78-DB8CE04D5CB5}.sort_array|x64.Build.0 = sort_array|x64
		{27E70EE0-BAA1-45AF-8F78-DB8CE04D5CB5}.sort_array|x86.ActiveCfg = sort_array|Win32
		{27E70EE0-BAA1-45AF-8F78-DB8CE04D5CB5}.sort_array|x86.Build.0 = sort_array|Win32
		{27E70EE0-BAA1-45AF-8F78-DB8CE04D5CB5}.static_local_variable|x64.ActiveCfg = static_local_variable|x64
		{27E70EE0-BAA1-45AF-8F78-DB8CE04D5CB5}.static_local_variable|x64.Build.0 = static_local_variable|x64
		{27E70EE0-BAA1-45AF-8F78-DB8CE04D5CB5}.static_local_variable|x86.ActiveCfg = static_local_variable|Win32
		{27E70EE0-BAA1-45AF-8F78-DB8CE04D5CB5}.static_local_variable|x86.Build.0 = static_local_variable|Win32
		{27E70EE0-BAA1-45AF-8F78-DB8CE04D5CB5}.std_algorithm|x64.ActiveCfg = std_algorithm|x64
		{27E70EE0-BAA1-45AF-8F78-DB8CE04D5CB5}.std_algorithm|x64.Build.0 = std_algorithm|x64
		{27E70EE0-BAA1-45AF-8F78-DB8CE04D5CB5}.std_algorithm|x86.ActiveCfg = std_algorithm|Win32
		{27E70EE0-BAA1-45AF-8F78-DB8CE04D5CB5}.std_algorithm|x86.Build.0 = std_algorithm|Win32
		{27E70EE0-BAA1-45AF-8F78-DB8CE04D5CB5}.std_array|x64.ActiveCfg = std_array|x64
		{27E70EE0-BAA1-45AF-8F78-DB8CE04D5CB5}.std_array|x64.Build.0 = std_array|x64
		{27E70EE0-BAA1-45AF-8F78-DB8CE04D5CB5}.std_array|x86.ActiveCfg = std_array|Win32
		{27E70EE0-BAA1-45AF-8F78-DB8CE04D5CB5}.std_array|x86.Build.0 = std_array|Win32
		{27E70EE0-BAA1-45AF-8F78-DB8CE04D5CB5}.std_vector|x64.ActiveCfg = std_vector|x64
		{27E70EE0-BAA1-45AF-8F78-DB8CE04D5CB5}.std_vector|x64.Build.0 = std_vector|x64
		{27E70EE0-BAA1-45AF-8F78-DB8CE04D5CB5}.std_vector|x86.ActiveCfg = std_vector|Win32
		{27E70EE0-BAA1-45AF-8F78-DB8CE04D5CB5}.std_vector|x86.Build.0 = std_vector|Win32
		{27E70EE0-BAA1-45AF-8F78-DB8CE04D5CB5}.struct|x64.ActiveCfg = struct|x64
		{27E70EE0-BAA1-45AF-8F78-DB8CE04D5CB5}.struct|x64.Build.0 = struct|x64
		{27E70EE0-BAA1-45AF-8F78-DB8CE04D5CB5}.struct|x86.ActiveCfg = struct|Win32
		{27E70EE0-BAA1-45AF-8F78-DB8CE04D5CB5}.struct|x86.Build.0 = struct|Win32
		{27E70EE0-BAA1-45AF-8F78-DB8CE04D5CB5}.switch|x64.ActiveCfg = switch|x64
		{27E70EE0-BAA1-45AF-8F78-DB8CE04D5CB5}.switch|x64.Build.0 = switch|x64
		{27E70EE0-BAA1-45AF-8F78-DB8CE04D5CB5}.switch|x86.ActiveCfg = switch|Win32
		{27E70EE0-BAA1-45AF-8F78-DB8CE04D5CB5}.switch|x86.Build.0 = switch|Win32
		{27E70EE0-BAA1-45AF-8F78-DB8CE04D5CB5}.template|x64.ActiveCfg = template|x64
		{27E70EE0-BAA1-45AF-8F78-DB8CE04D5CB5}.template|x64.Build.0 = template|x64
		{27E70EE0-BAA1-45AF-8F78-DB8CE04D5CB5}.template|x86.ActiveCfg = template|Win32
		{27E70EE0-BAA1-45AF-8F78-DB8CE04D5CB5}.template|x86.Build.0 = template|Win32
		{27E70EE0-BAA1-45AF-8F78-DB8CE04D5CB5}.while|x64.ActiveCfg = while|x64
		{27E70EE0-BAA1-45AF-8F78-DB8CE04D5CB5}.while|x64.Build.0 = while|x64
		{27E70EE0-BAA1-45AF-8F78-DB8CE04D5CB5}.while|x86.ActiveCfg = while|Win32
		{27E70EE0-BAA1-45AF-8F78-DB8CE04D5CB5}.while|x86.Build.0 = while|Win32
	EndGlobalSection
	GlobalSection(SolutionProperties) = preSolution
		HideSolutionNode = FALSE
	EndGlobalSection
	GlobalSection(ExtensibilityGlobals) = postSolution
		SolutionGuid = {D8BCC351-96C4-4CB1-AB67-87678AE681F5}
	EndGlobalSection
EndGlobal
